
Microsoft Visual Studio Solution File, Format Version 12.00
# Visual Studio Version 17
VisualStudioVersion = 17.1.32407.343
MinimumVisualStudioVersion = 10.0.40219.1
Project("{9A19103F-16F7-4668-BE54-9A1E7A4F7556}") = "Api", "Api\Api.csproj", "{D7AF7C3F-E0D7-4FD5-AB31-C6D63A336027}"
EndProject
Project("{9A19103F-16F7-4668-BE54-9A1E7A4F7556}") = "Services", "Services\Services.csproj", "{9F97236E-90BB-4273-8334-B6FF183355F5}"
EndProject
Project("{9A19103F-16F7-4668-BE54-9A1E7A4F7556}") = "Core", "Core\Core.csproj", "{9761EB99-0AAB-4CD8-B424-B61E0BBE0746}"
EndProject
Project("{FAE04EC0-301F-11D3-BF4B-00C04F79EFBC}") = "Services.Tests", "Services.Tests\Services.Tests.csproj", "{CBAC1FD3-188D-4EF0-AAFA-3851C0AF20A7}"
EndProject
Project("{FAE04EC0-301F-11D3-BF4B-00C04F79EFBC}") = "Api.Tests", "Api.Tests\Api.Tests.csproj", "{8048B20F-99DA-464E-A809-464804054754}"
EndProject
Global
	GlobalSection(SolutionConfigurationPlatforms) = preSolution
		Debug|Any CPU = Debug|Any CPU
		Release|Any CPU = Release|Any CPU
	EndGlobalSection
	GlobalSection(ProjectConfigurationPlatforms) = postSolution
		{D7AF7C3F-E0D7-4FD5-AB31-C6D63A336027}.Debug|Any CPU.ActiveCfg = Debug|Any CPU
		{D7AF7C3F-E0D7-4FD5-AB31-C6D63A336027}.Debug|Any CPU.Build.0 = Debug|Any CPU
		{D7AF7C3F-E0D7-4FD5-AB31-C6D63A336027}.Release|Any CPU.ActiveCfg = Release|Any CPU
		{D7AF7C3F-E0D7-4FD5-AB31-C6D63A336027}.Release|Any CPU.Build.0 = Release|Any CPU
		{9F97236E-90BB-4273-8334-B6FF183355F5}.Debug|Any CPU.ActiveCfg = Debug|Any CPU
		{9F97236E-90BB-4273-8334-B6FF183355F5}.Debug|Any CPU.Build.0 = Debug|Any CPU
		{9F97236E-90BB-4273-8334-B6FF183355F5}.Release|Any CPU.ActiveCfg = Release|Any CPU
		{9F97236E-90BB-4273-8334-B6FF183355F5}.Release|Any CPU.Build.0 = Release|Any CPU
		{9761EB99-0AAB-4CD8-B424-B61E0BBE0746}.Debug|Any CPU.ActiveCfg = Debug|Any CPU
		{9761EB99-0AAB-4CD8-B424-B61E0BBE0746}.Debug|Any CPU.Build.0 = Debug|Any CPU
		{9761EB99-0AAB-4CD8-B424-B61E0BBE0746}.Release|Any CPU.ActiveCfg = Release|Any CPU
		{9761EB99-0AAB-4CD8-B424-B61E0BBE0746}.Release|Any CPU.Build.0 = Release|Any CPU
		{CBAC1FD3-188D-4EF0-AAFA-3851C0AF20A7}.Debug|Any CPU.ActiveCfg = Debug|Any CPU
		{CBAC1FD3-188D-4EF0-AAFA-3851C0AF20A7}.Debug|Any CPU.Build.0 = Debug|Any CPU
		{CBAC1FD3-188D-4EF0-AAFA-3851C0AF20A7}.Release|Any CPU.ActiveCfg = Release|Any CPU
		{CBAC1FD3-188D-4EF0-AAFA-3851C0AF20A7}.Release|Any CPU.Build.0 = Release|Any CPU
		{8048B20F-99DA-464E-A809-464804054754}.Debug|Any CPU.ActiveCfg = Debug|Any CPU
		{8048B20F-99DA-464E-A809-464804054754}.Debug|Any CPU.Build.0 = Debug|Any CPU
		{8048B20F-99DA-464E-A809-464804054754}.Release|Any CPU.ActiveCfg = Release|Any CPU
		{8048B20F-99DA-464E-A809-464804054754}.Release|Any CPU.Build.0 = Release|Any CPU
	EndGlobalSection
	GlobalSection(SolutionProperties) = preSolution
		HideSolutionNode = FALSE
	EndGlobalSection
	GlobalSection(ExtensibilityGlobals) = postSolution
		SolutionGuid = {50F04885-DBFD-4614-9D4D-11F960A4A11F}
	EndGlobalSection
EndGlobal
